
Microsoft Visual Studio Solution File, Format Version 12.00
# Visual Studio Version 16
VisualStudioVersion = 16.0.30011.22
MinimumVisualStudioVersion = 10.0.40219.1
Project("{FAE04EC0-301F-11D3-BF4B-00C04F79EFBC}") = "RpiApp", "RpiApp\RpiApp.csproj", "{6550EFFE-FDC0-4928-A9BD-33EC83340DBF}"
EndProject
Global
	GlobalSection(SolutionConfigurationPlatforms) = preSolution
		Debug|Any CPU = Debug|Any CPU
		Debug|x64 = Debug|x64
		Release|Any CPU = Release|Any CPU
		Release|x64 = Release|x64
	EndGlobalSection
	GlobalSection(ProjectConfigurationPlatforms) = postSolution
		{6550EFFE-FDC0-4928-A9BD-33EC83340DBF}.Debug|Any CPU.ActiveCfg = Debug|Any CPU
		{6550EFFE-FDC0-4928-A9BD-33EC83340DBF}.Debug|Any CPU.Build.0 = Debug|Any CPU
		{6550EFFE-FDC0-4928-A9BD-33EC83340DBF}.Debug|x64.ActiveCfg = Debug|x64
		{6550EFFE-FDC0-4928-A9BD-33EC83340DBF}.Debug|x64.Build.0 = Debug|x64
		{6550EFFE-FDC0-4928-A9BD-33EC83340DBF}.Release|Any CPU.ActiveCfg = Debug|Any CPU
		{6550EFFE-FDC0-4928-A9BD-33EC83340DBF}.Release|Any CPU.Build.0 = Debug|Any CPU
		{6550EFFE-FDC0-4928-A9BD-33EC83340DBF}.Release|x64.ActiveCfg = Release|x64
		{6550EFFE-FDC0-4928-A9BD-33EC83340DBF}.Release|x64.Build.0 = Release|x64
	EndGlobalSection
	GlobalSection(SolutionProperties) = preSolution
		HideSolutionNode = FALSE
	EndGlobalSection
	GlobalSection(ExtensibilityGlobals) = postSolution
		SolutionGuid = {139F011E-C264-44DE-8A42-134991B898E9}
	EndGlobalSection
EndGlobal
